
Microsoft Visual Studio Solution File, Format Version 12.00
# Visual Studio 2012
Project("{FAE04EC0-301F-11D3-BF4B-00C04F79EFBC}") = "SensoresTest", "SensoresTest\SensoresTest.csproj", "{CBB7954D-0FB6-439B-84F4-D16A712F263B}"
EndProject
Global
	GlobalSection(SolutionConfigurationPlatforms) = preSolution
		Debug|Any CPU = Debug|Any CPU
		Release|Any CPU = Release|Any CPU
	EndGlobalSection
	GlobalSection(ProjectConfigurationPlatforms) = postSolution
		{CBB7954D-0FB6-439B-84F4-D16A712F263B}.Debug|Any CPU.ActiveCfg = Debug|Any CPU
		{CBB7954D-0FB6-439B-84F4-D16A712F263B}.Debug|Any CPU.Build.0 = Debug|Any CPU
		{CBB7954D-0FB6-439B-84F4-D16A712F263B}.Release|Any CPU.ActiveCfg = Release|Any CPU
		{CBB7954D-0FB6-439B-84F4-D16A712F263B}.Release|Any CPU.Build.0 = Release|Any CPU
	EndGlobalSection
	GlobalSection(SolutionProperties) = preSolution
		HideSolutionNode = FALSE
	EndGlobalSection
EndGlobal
